Microsoft Visual Studio Solution File, Format Version 12.00
# Visual Studio Version 17
VisualStudioVersion = 17.5.2.0
MinimumVisualStudioVersion = 10.0.40219.1
Project("{FAE04EC0-301F-11D3-BF4B-00C04F79EFBC}") = "Sayara", "Sayara.csproj", "{641F80D1-3CAF-D5CE-036A-16E67017392E}"
EndProject
Global
	GlobalSection(SolutionConfigurationPlatforms) = preSolution
		Debug|Any CPU = Debug|Any CPU
		Release|Any CPU = Release|Any CPU
	EndGlobalSection
	GlobalSection(ProjectConfigurationPlatforms) = postSolution
		{641F80D1-3CAF-D5CE-036A-16E67017392E}.Debug|Any CPU.ActiveCfg = Debug|Any CPU
		{641F80D1-3CAF-D5CE-036A-16E67017392E}.Debug|Any CPU.Build.0 = Debug|Any CPU
		{641F80D1-3CAF-D5CE-036A-16E67017392E}.Release|Any CPU.ActiveCfg = Release|Any CPU
		{641F80D1-3CAF-D5CE-036A-16E67017392E}.Release|Any CPU.Build.0 = Release|Any CPU
	EndGlobalSection
	GlobalSection(SolutionProperties) = preSolution
		HideSolutionNode = FALSE
	EndGlobalSection
	GlobalSection(ExtensibilityGlobals) = postSolution
		SolutionGuid = {CAADE444-1357-4110-9F06-B53D4F72992E}
	EndGlobalSection
EndGlobal
